// !$*UTF8*$!
{
	archiveVersion = 1;
	classes = {
	};
	objectVersion = 50;
	objects = {

/* Begin PBXBuildFile section */
		DF0269B125358C8E00CB8556 /* AppDelegate.swift in Sources */ = {isa = PBXBuildFile; fileRef = DF0269B025358C8E00CB8556 /* AppDelegate.swift */; };
		DF0269B325358C8E00CB8556 /* SceneDelegate.swift in Sources */ = {isa = PBXBuildFile; fileRef = DF0269B225358C8E00CB8556 /* SceneDelegate.swift */; };
		DF0269B525358C8E00CB8556 /* ViewController.swift in Sources */ = {isa = PBXBuildFile; fileRef = DF0269B425358C8E00CB8556 /* ViewController.swift */; };
		DF0269B825358C8E00CB8556 /* Main.storyboard in Resources */ = {isa = PBXBuildFile; fileRef = DF0269B625358C8E00CB8556 /* Main.storyboard */; };
		DF0269BA25358C8F00CB8556 /* Assets.xcassets in Resources */ = {isa = PBXBuildFile; fileRef = DF0269B925358C8F00CB8556 /* Assets.xcassets */; };
		DF0269BD25358C8F00CB8556 /* LaunchScreen.storyboard in Resources */ = {isa = PBXBuildFile; fileRef = DF0269BB25358C8F00CB8556 /* LaunchScreen.storyboard */; };
		DF18850A253EC75600855762 /* FormViewController.swift in Sources */ = {isa = PBXBuildFile; fileRef = DF188509253EC75600855762 /* FormViewController.swift */; };
/* End PBXBuildFile section */

/* Begin PBXFileReference section */
		DF0269AD25358C8E00CB8556 /* Vistas.app */ = {isa = PBXFileReference; explicitFileType = wrapper.application; includeInIndex = 0; path = Vistas.app; sourceTree = BUILT_PRODUCTS_DIR; };
		DF0269B025358C8E00CB8556 /* AppDelegate.swift */ = {isa = PBXFileReference; lastKnownFileType = sourcecode.swift; path = AppDelegate.swift; sourceTree = "<group>"; };
		DF0269B225358C8E00CB8556 /* SceneDelegate.swift */ = {isa = PBXFileReference; lastKnownFileType = sourcecode.swift; path = SceneDelegate.swift; sourceTree = "<group>"; };
		DF0269B425358C8E00CB8556 /* ViewController.swift */ = {isa = PBXFileReference; lastKnownFileType = sourcecode.swift; path = ViewController.swift; sourceTree = "<group>"; };
		DF0269B725358C8E00CB8556 /* Base */ = {isa = PBXFileReference; lastKnownFileType = file.storyboard; name = Base; path = Base.lproj/Main.storyboard; sourceTree = "<group>"; };
		DF0269B925358C8F00CB8556 /* Assets.xcassets */ = {isa = PBXFileReference; lastKnownFileType = folder.assetcatalog; path = Assets.xcassets; sourceTree = "<group>"; };
		DF0269BC25358C8F00CB8556 /* Base */ = {isa = PBXFileReference; lastKnownFileType = file.storyboard; name = Base; path = Base.lproj/LaunchScreen.storyboard; sourceTree = "<group>"; };
		DF0269BE25358C8F00CB8556 /* Info.plist */ = {isa = PBXFileReference; lastKnownFileType = text.plist.xml; path = Info.plist; sourceTree = "<group>"; };
		DF188509253EC75600855762 /* FormViewController.swift */ = {isa = PBXFileReference; lastKnownFileType = sourcecode.swift; path = FormViewController.swift; sourceTree = "<group>"; };
/* End PBXFileReference section */

/* Begin PBXFrameworksBuildPhase section */
		DF0269AA25358C8D00CB8556 /* Frameworks */ = {
			isa = PBXFrameworksBuildPhase;
			buildActionMask = 2147483647;
			files = (
			);
			runOnlyForDeploymentPostprocessing = 0;
		};
/* End PBXFrameworksBuildPhase section */

/* Begin PBXGroup section */
		DF0269A425358C8D00CB8556 = {
			isa = PBXGroup;
			children = (
				DF0269AF25358C8E00CB8556 /* Vistas */,
				DF0269AE25358C8E00CB8556 /* Products */,
			);
			sourceTree = "<group>";
		};
		DF0269AE25358C8E00CB8556 /* Products */ = {
			isa = PBXGroup;
			children = (
				DF0269AD25358C8E00CB8556 /* Vistas.app */,
			);
			name = Products;
			sourceTree = "<group>";
		};
		DF0269AF25358C8E00CB8556 /* Vistas */ = {
			isa = PBXGroup;
			children = (
				DF0269B025358C8E00CB8556 /* AppDelegate.swift */,
				DF0269B225358C8E00CB8556 /* SceneDelegate.swift */,
				DF0269B425358C8E00CB8556 /* ViewController.swift */,
				DF188509253EC75600855762 /* FormViewController.swift */,
				DF0269B625358C8E00CB8556 /* Main.storyboard */,
				DF0269B925358C8F00CB8556 /* Assets.xcassets */,
				DF0269BB25358C8F00CB8556 /* LaunchScreen.storyboard */,
				DF0269BE25358C8F00CB8556 /* Info.plist */,
			);
			path = Vistas;
			sourceTree = "<group>";
		};
/* End PBXGroup section */

/* Begin PBXNativeTarget section */
		DF0269AC25358C8D00CB8556 /* Vistas */ = {
			isa = PBXNativeTarget;
			buildConfigurationList = DF0269C125358C8F00CB8556 /* Build configuration list for PBXNativeTarget "Vistas" */;
			buildPhases = (
				DF0269A925358C8D00CB8556 /* Sources */,
				DF0269AA25358C8D00CB8556 /* Frameworks */,
				DF0269AB25358C8D00CB8556 /* Resources */,
			);
			buildRules = (
			);
			dependencies = (
			);
			name = Vistas;
			productName = Vistas;
			productReference = DF0269AD25358C8E00CB8556 /* Vistas.app */;
			productType = "com.apple.product-type.application";
		};
/* End PBXNativeTarget section */

/* Begin PBXProject section */
		DF0269A525358C8D00CB8556 /* Project object */ = {
			isa = PBXProject;
			attributes = {
				LastSwiftUpdateCheck = 1170;
				LastUpgradeCheck = 1170;
				ORGANIZATIONNAME = user177276;
				TargetAttributes = {
					DF0269AC25358C8D00CB8556 = {
						CreatedOnToolsVersion = 11.7;
					};
				};
			};
			buildConfigurationList = DF0269A825358C8D00CB8556 /* Build configuration list for PBXProject "Vistas" */;
			compatibilityVersion = "Xcode 9.3";
			developmentRegion = en;
			hasScannedForEncodings = 0;
			knownRegions = (
				en,
				Base,
			);
			mainGroup = DF0269A425358C8D00CB8556;
			productRefGroup = DF0269AE25358C8E00CB8556 /* Products */;
			projectDirPath = "";
			projectRoot = "";
			targets = (
				DF0269AC25358C8D00CB8556 /* Vistas */,
			);
		};
/* End PBXProject section */

/* Begin PBXResourcesBuildPhase section */
		DF0269AB25358C8D00CB8556 /* Resources */ = {
			isa = PBXResourcesBuildPhase;
			buildActionMask = 2147483647;
			files = (
				DF0269BD25358C8F00CB8556 /* LaunchScreen.storyboard in Resources */,
				DF0269BA25358C8F00CB8556 /* Assets.xcassets in Resources */,
				DF0269B825358C8E00CB8556 /* Main.storyboard in Resources */,
			);
			runOnlyForDeploymentPostprocessing = 0;
		};
/* End PBXResourcesBuildPhase section */

/* Begin PBXSourcesBuildPhase section */
		DF0269A925358C8D00CB8556 /* Sources */ = {
			isa = PBXSourcesBuildPhase;
			buildActionMask = 2147483647;
			files = (
				DF0269B525358C8E00CB8556 /* ViewController.swift in Sources */,
				DF0269B125358C8E00CB8556 /* AppDelegate.swift in Sources */,
				DF18850A253EC75600855762 /* FormViewController.swift in Sources */,
				DF0269B325358C8E00CB8556 /* SceneDelegate.swift in Sources */,
			);
			runOnlyForDeploymentPostprocessing = 0;
		};
/* End PBXSourcesBuildPhase section */

/* Begin PBXVariantGroup section */
		DF0269B625358C8E00CB8556 /* Main.storyboard */ = {
			isa = PBXVariantGroup;
			children = (
				DF0269B725358C8E00CB8556 /* Base */,
			);
			name = Main.storyboard;
			sourceTree = "<group>";
		};
		DF0269BB25358C8F00CB8556 /* LaunchScreen.storyboard */ = {
			isa = PBXVariantGroup;
			children = (
				DF0269BC25358C8F00CB8556 /* Base */,
			);
			name = LaunchScreen.storyboard;
			sourceTree = "<group>";
		};
/* End PBXVariantGroup section */

/* Begin XCBuildConfiguration section */
		DF0269BF25358C8F00CB8556 /* Debug */ = {
			isa = XCBuildConfiguration;
			buildSettings = {
				ALWAYS_SEARCH_USER_PATHS = NO;
				CLANG_ANALYZER_NONNULL = YES;
				CLANG_ANALYZER_NUMBER_OBJECT_CONVERSION = YES_AGGRESSIVE;
				CLANG_CXX_LANGUAGE_STANDARD = "gnu++14";
				CLANG_CXX_LIBRARY = "libc++";
				CLANG_ENABLE_MODULES = YES;
				CLANG_ENABLE_OBJC_ARC = YES;
				CLANG_ENABLE_OBJC_WEAK = YES;
				CLANG_WARN_BLOCK_CAPTURE_AUTORELEASING = YES;
				CLANG_WARN_BOOL_CONVERSION = YES;
				CLANG_WARN_COMMA = YES;
				CLANG_WARN_CONSTANT_CONVERSION = YES;
				CLANG_WARN_DEPRECATED_OBJC_IMPLEMENTATIONS = YES;
				CLANG_WARN_DIRECT_OBJC_ISA_USAGE = YES_ERROR;
				CLANG_WARN_DOCUMENTATION_COMMENTS = YES;
				CLANG_WARN_EMPTY_BODY = YES;
				CLANG_WARN_ENUM_CONVERSION = YES;
				CLANG_WARN_INFINITE_RECURSION = YES;
				CLANG_WARN_INT_CONVERSION = YES;
				CLANG_WARN_NON_LITERAL_NULL_CONVERSION = YES;
				CLANG_WARN_OBJC_IMPLICIT_RETAIN_SELF = YES;
				CLANG_WARN_OBJC_LITERAL_CONVERSION = YES;
				CLANG_WARN_OBJC_ROOT_CLASS = YES_ERROR;
				CLANG_WARN_RANGE_LOOP_ANALYSIS = YES;
				CLANG_WARN_STRICT_PROTOTYPES = YES;
				CLANG_WARN_SUSPICIOUS_MOVE = YES;
				CLANG_WARN_UNGUARDED_AVAILABILITY = YES_AGGRESSIVE;
				CLANG_WARN_UNREACHABLE_CODE = YES;
				CLANG_WARN__DUPLICATE_METHOD_MATCH = YES;
				COPY_PHASE_STRIP = NO;
				DEBUG_INFORMATION_FORMAT = dwarf;
				ENABLE_STRICT_OBJC_MSGSEND = YES;
				ENABLE_TESTABILITY = YES;
				GCC_C_LANGUAGE_STANDARD = gnu11;
				GCC_DYNAMIC_NO_PIC = NO;
				GCC_NO_COMMON_BLOCKS = YES;
				GCC_OPTIMIZATION_LEVEL = 0;
				GCC_PREPROCESSOR_DEFINITIONS = (
					"DEBUG=1",
					"$(inherited)",
				);
				GCC_WARN_64_TO_32_BIT_CONVERSION = YES;
				GCC_WARN_ABOUT_RETURN_TYPE = YES_ERROR;
				GCC_WARN_UNDECLARED_SELECTOR = YES;
				GCC_WARN_UNINITIALIZED_AUTOS = YES_AGGRESSIVE;
				GCC_WARN_UNUSED_FUNCTION = YES;
				GCC_WARN_UNUSED_VARIABLE = YES;
				IPHONEOS_DEPLOYMENT_TARGET = 13.7;
				MTL_ENABLE_DEBUG_INFO = INCLUDE_SOURCE;
				MTL_FAST_MATH = YES;
				ONLY_ACTIVE_ARCH = YES;
				SDKROOT = iphoneos;
				SWIFT_ACTIVE_COMPILATION_CONDITIONS = DEBUG;
				SWIFT_OPTIMIZATION_LEVEL = "-Onone";
			};
			name = Debug;
		};
		DF0269C025358C8F00CB8556 /* Release */ = {
			isa = XCBuildConfiguration;
			buildSettings = {
				ALWAYS_SEARCH_USER_PATHS = NO;
				CLANG_ANALYZER_NONNULL = YES;
				CLANG_ANALYZER_NUMBER_OBJECT_CONVERSION = YES_AGGRESSIVE;
				CLANG_CXX_LANGUAGE_STANDARD = "gnu++14";
				CLANG_CXX_LIBRARY = "libc++";
				CLANG_ENABLE_MODULES = YES;
				CLANG_ENABLE_OBJC_ARC = YES;
				CLANG_ENABLE_OBJC_WEAK = YES;
				CLANG_WARN_BLOCK_CAPTURE_AUTORELEASING = YES;
				CLANG_WARN_BOOL_CONVERSION = YES;
				CLANG_WARN_COMMA = YES;
				CLANG_WARN_CONSTANT_CONVERSION = YES;
				CLANG_WARN_DEPRECATED_OBJC_IMPLEMENTATIONS = YES;
				CLANG_WARN_DIRECT_OBJC_ISA_USAGE = YES_ERROR;
				CLANG_WARN_DOCUMENTATION_COMMENTS = YES;
				CLANG_WARN_EMPTY_BODY = YES;
				CLANG_WARN_ENUM_CONVERSION = YES;
				CLANG_WARN_INFINITE_RECURSION = YES;
				CLANG_WARN_INT_CONVERSION = YES;
				CLANG_WARN_NON_LITERAL_NULL_CONVERSION = YES;
				CLANG_WARN_OBJC_IMPLICIT_RETAIN_SELF = YES;
				CLANG_WARN_OBJC_LITERAL_CONVERSION = YES;
				CLANG_WARN_OBJC_ROOT_CLASS = YES_ERROR;
				CLANG_WARN_RANGE_LOOP_ANALYSIS = YES;
				CLANG_WARN_STRICT_PROTOTYPES = YES;
				CLANG_WARN_SUSPICIOUS_MOVE = YES;
				CLANG_WARN_UNGUARDED_AVAILABILITY = YES_AGGRESSIVE;
				CLANG_WARN_UNREACHABLE_CODE = YES;
				CLANG_WARN__DUPLICATE_METHOD_MATCH = YES;
				COPY_PHASE_STRIP = NO;
				DEBUG_INFORMATION_FORMAT = "dwarf-with-dsym";
				ENABLE_NS_ASSERTIONS = NO;
				ENABLE_STRICT_OBJC_MSGSEND = YES;
				GCC_C_LANGUAGE_STANDARD = gnu11;
				GCC_NO_COMMON_BLOCKS = YES;
				GCC_WARN_64_TO_32_BIT_CONVERSION = YES;
				GCC_WARN_ABOUT_RETURN_TYPE = YES_ERROR;
				GCC_WARN_UNDECLARED_SELECTOR = YES;
				GCC_WARN_UNINITIALIZED_AUTOS = YES_AGGRESSIVE;
				GCC_WARN_UNUSED_FUNCTION = YES;
				GCC_WARN_UNUSED_VARIABLE = YES;
				IPHONEOS_DEPLOYMENT_TARGET = 13.7;
				MTL_ENABLE_DEBUG_INFO = NO;
				MTL_FAST_MATH = YES;
				SDKROOT = iphoneos;
				SWIFT_COMPILATION_MODE = wholemodule;
				SWIFT_OPTIMIZATION_LEVEL = "-O";
				VALIDATE_PRODUCT = YES;
			};
			name = Release;
		};
		DF0269C225358C8F00CB8556 /* Debug */ = {
			isa = XCBuildConfiguration;
			buildSettings = {
				ASSETCATALOG_COMPILER_APPICON_NAME = AppIcon;
				CODE_SIGN_STYLE = Automatic;
				INFOPLIST_FILE = Vistas/Info.plist;
				LD_RUNPATH_SEARCH_PATHS = (
					"$(inherited)",
					"@executable_path/Frameworks",
				);
				PRODUCT_BUNDLE_IDENTIFIER = cev.Vistas;
				PRODUCT_NAME = "$(TARGET_NAME)";
				SWIFT_VERSION = 5.0;
				TARGETED_DEVICE_FAMILY = "1,2";
			};
			name = Debug;
		};
		DF0269C325358C8F00CB8556 /* Release */ = {
			isa = XCBuildConfiguration;
			buildSettings = {
				ASSETCATALOG_COMPILER_APPICON_NAME = AppIcon;
				CODE_SIGN_STYLE = Automatic;
				INFOPLIST_FILE = Vistas/Info.plist;
				LD_RUNPATH_SEARCH_PATHS = (
					"$(inherited)",
					"@executable_path/Frameworks",
				);
				PRODUCT_BUNDLE_IDENTIFIER = cev.Vistas;
				PRODUCT_NAME = "$(TARGET_NAME)";
				SWIFT_VERSION = 5.0;
				TARGETED_DEVICE_FAMILY = "1,2";
			};
			name = Release;
		};
/* End XCBuildConfiguration section */

/* Begin XCConfigurationList section */
		DF0269A825358C8D00CB8556 /* Build configuration list for PBXProject "Vistas" */ = {
			isa = XCConfigurationList;
			buildConfigurations = (
				DF0269BF25358C8F00CB8556 /* Debug */,
				DF0269C025358C8F00CB8556 /* Release */,
			);
			defaultConfigurationIsVisible = 0;
			defaultConfigurationName = Release;
		};
		DF0269C125358C8F00CB8556 /* Build configuration list for PBXNativeTarget "Vistas" */ = {
			isa = XCConfigurationList;
			buildConfigurations = (
				DF0269C225358C8F00CB8556 /* Debug */,
				DF0269C325358C8F00CB8556 /* Release */,
			);
			defaultConfigurationIsVisible = 0;
			defaultConfigurationName = Release;
		};
/* End XCConfigurationList section */
	};
	rootObject = DF0269A525358C8D00CB8556 /* Project object */;
}
